{
  "version": 4,
  "terraform_version": "1.2.0",
  "serial": 24,
  "lineage": "b93ff363-76fe-babd-d6d2-97e2caf84ffa",
  "outputs": {
    "app_service_plan_id": {
      "value": "azurerm_app_service.app-service.app_service_plan_id",
      "type": "string"
    }
  },
  "resources": [
    {
      "module": "module.app-service",
      "mode": "managed",
      "type": "azurerm_app_service_plan",
      "name": "service-plan",
      "provider": "module.app-service.provider[\"registry.terraform.io/hashicorp/azurerm\"]",
      "instances": [
        {
          "schema_version": 0,
          "attributes": {
            "app_service_environment_id": "",
            "id": "/subscriptions/2c54b4c3-e1db-41a1-81a7-63db50730625/resourceGroups/kohlr-ae-dev-test-app-service-rg/providers/Microsoft.Web/serverfarms/kohlr-ae-dev-test-service-plan",
            "is_xenon": false,
            "kind": "Windows",
            "location": "australiaeast",
            "maximum_elastic_worker_count": 1,
            "maximum_number_of_workers": 1,
            "name": "kohlr-ae-dev-test-service-plan",
            "per_site_scaling": false,
            "reserved": false,
            "resource_group_name": "kohlr-ae-dev-test-app-service-rg",
            "sku": [
              {
                "capacity": 0,
                "size": "F1",
                "tier": "Free"
              }
            ],
            "tags": {
              "description": "Linux App Service with .NET Core",
              "environment": "dev",
              "owner": "Kavita GR"
            },
            "timeouts": null,
            "zone_redundant": false
          },
          "sensitive_attributes": [],
          "private": "eyJlMmJmYjczMC1lY2FhLTExZTYtOGY4OC0zNDM2M2JjN2M0YzAiOnsiY3JlYXRlIjozNjAwMDAwMDAwMDAwLCJkZWxldGUiOjM2MDAwMDAwMDAwMDAsInJlYWQiOjMwMDAwMDAwMDAwMCwidXBkYXRlIjozNjAwMDAwMDAwMDAwfX0=",
          "dependencies": [
            "module.app-service.azurerm_resource_group.appservice-rg"
          ]
        }
      ]
    },
    {
      "module": "module.app-service",
      "mode": "managed",
      "type": "azurerm_resource_group",
      "name": "appservice-rg",
      "provider": "module.app-service.provider[\"registry.terraform.io/hashicorp/azurerm\"]",
      "instances": [
        {
          "schema_version": 0,
          "attributes": {
            "id": "/subscriptions/2c54b4c3-e1db-41a1-81a7-63db50730625/resourceGroups/kohlr-ae-dev-test-app-service-rg",
            "location": "australiaeast",
            "name": "kohlr-ae-dev-test-app-service-rg",
            "tags": {
              "description": "Linux App Service with .NET Core",
              "environment": "dev",
              "owner": "Kavita GR"
            },
            "timeouts": null
          },
          "sensitive_attributes": [],
          "private": "eyJlMmJmYjczMC1lY2FhLTExZTYtOGY4OC0zNDM2M2JjN2M0YzAiOnsiY3JlYXRlIjo1NDAwMDAwMDAwMDAwLCJkZWxldGUiOjU0MDAwMDAwMDAwMDAsInJlYWQiOjMwMDAwMDAwMDAwMCwidXBkYXRlIjo1NDAwMDAwMDAwMDAwfX0="
        }
      ]
    }
  ]
}
