{
  "version": 4,
  "terraform_version": "1.2.0",
  "serial": 4,
  "lineage": "730adeee-e0a9-d42d-e39a-c34bbcbeae9b",
  "outputs": {},
  "resources": [
    {
      "module": "module.app-service",
      "mode": "managed",
      "type": "azurerm_app_service_plan",
      "name": "example",
      "provider": "provider[\"registry.terraform.io/hashicorp/azurerm\"]",
      "instances": [
        {
          "schema_version": 0,
          "attributes": {
            "app_service_environment_id": "",
            "id": "/subscriptions/2c54b4c3-e1db-41a1-81a7-63db50730625/resourceGroups/kohlr/providers/Microsoft.Web/serverfarms/kohlrsvcplan",
            "is_xenon": false,
            "kind": "Windows",
            "location": "australiaeast",
            "maximum_elastic_worker_count": 1,
            "maximum_number_of_workers": 1,
            "name": "kohlrsvcplan",
            "per_site_scaling": false,
            "reserved": false,
            "resource_group_name": "kohlr",
            "sku": [
              {
                "capacity": 0,
                "size": "F1",
                "tier": "Free"
              }
            ],
            "tags": null,
            "timeouts": null,
            "zone_redundant": false
          },
          "sensitive_attributes": [],
          "private": "eyJlMmJmYjczMC1lY2FhLTExZTYtOGY4OC0zNDM2M2JjN2M0YzAiOnsiY3JlYXRlIjozNjAwMDAwMDAwMDAwLCJkZWxldGUiOjM2MDAwMDAwMDAwMDAsInJlYWQiOjMwMDAwMDAwMDAwMCwidXBkYXRlIjozNjAwMDAwMDAwMDAwfX0=",
          "dependencies": [
            "module.app-service.azurerm_resource_group.example"
          ]
        }
      ]
    },
    {
      "module": "module.app-service",
      "mode": "managed",
      "type": "azurerm_resource_group",
      "name": "example",
      "provider": "provider[\"registry.terraform.io/hashicorp/azurerm\"]",
      "instances": [
        {
          "schema_version": 0,
          "attributes": {
            "id": "/subscriptions/2c54b4c3-e1db-41a1-81a7-63db50730625/resourceGroups/kohlr",
            "location": "australiaeast",
            "name": "kohlr",
            "tags": null,
            "timeouts": null
          },
          "sensitive_attributes": [],
          "private": "eyJlMmJmYjczMC1lY2FhLTExZTYtOGY4OC0zNDM2M2JjN2M0YzAiOnsiY3JlYXRlIjo1NDAwMDAwMDAwMDAwLCJkZWxldGUiOjU0MDAwMDAwMDAwMDAsInJlYWQiOjMwMDAwMDAwMDAwMCwidXBkYXRlIjo1NDAwMDAwMDAwMDAwfX0="
        }
      ]
    }
  ]
}
