{
  "version": 4,
  "terraform_version": "1.2.0",
  "serial": 4,
  "lineage": "43a8dbdc-37d2-afa5-056a-187aeb4d66a0",
  "outputs": {},
  "resources": [
    {
      "mode": "managed",
      "type": "azurerm_resource_group",
      "name": "rg",
      "provider": "provider[\"registry.terraform.io/hashicorp/azurerm\"]",
      "instances": [
        {
          "schema_version": 0,
          "attributes": {
            "id": "/subscriptions/2c54b4c3-e1db-41a1-81a7-63db50730625/resourceGroups/RESOURCE_GROUP_NAME",
            "location": "centralus",
            "name": "RESOURCE_GROUP_NAME",
            "tags": null,
            "timeouts": null
          },
          "sensitive_attributes": [],
          "private": "eyJlMmJmYjczMC1lY2FhLTExZTYtOGY4OC0zNDM2M2JjN2M0YzAiOnsiY3JlYXRlIjo1NDAwMDAwMDAwMDAwLCJkZWxldGUiOjU0MDAwMDAwMDAwMDAsInJlYWQiOjMwMDAwMDAwMDAwMCwidXBkYXRlIjo1NDAwMDAwMDAwMDAwfX0="
        }
      ]
    },
    {
      "module": "module.app-service",
      "mode": "managed",
      "type": "azurerm_app_service",
      "name": "as",
      "provider": "provider[\"registry.terraform.io/hashicorp/azurerm\"]",
      "instances": [
        {
          "schema_version": 0,
          "attributes": {
            "app_service_plan_id": "/subscriptions/2c54b4c3-e1db-41a1-81a7-63db50730625/resourceGroups/RESOURCE_GROUP_NAME/providers/Microsoft.Web/serverfarms/okaheloheks-asp",
            "app_settings": {},
            "auth_settings": [
              {
                "active_directory": [],
                "additional_login_params": {},
                "allowed_external_redirect_urls": [],
                "default_provider": "",
                "enabled": false,
                "facebook": [],
                "google": [],
                "issuer": "",
                "microsoft": [],
                "runtime_version": "",
                "token_refresh_extension_hours": 0,
                "token_store_enabled": false,
                "twitter": [],
                "unauthenticated_client_action": ""
              }
            ],
            "backup": [],
            "client_affinity_enabled": false,
            "client_cert_enabled": false,
            "client_cert_mode": "Required",
            "connection_string": [],
            "custom_domain_verification_id": "EAC4AA542FC2001A7A1A91D2C796A19A008A70F6D256ACCA5D714BD8884D6C87",
            "default_site_hostname": "okaheloheks.azurewebsites.net",
            "enabled": true,
            "https_only": false,
            "id": "/subscriptions/2c54b4c3-e1db-41a1-81a7-63db50730625/resourceGroups/RESOURCE_GROUP_NAME/providers/Microsoft.Web/sites/okaheloheks",
            "identity": [],
            "key_vault_reference_identity_id": "SystemAssigned",
            "location": "centralus",
            "logs": [
              {
                "application_logs": [
                  {
                    "azure_blob_storage": [],
                    "file_system_level": "Off"
                  }
                ],
                "detailed_error_messages_enabled": false,
                "failed_request_tracing_enabled": false,
                "http_logs": [
                  {
                    "azure_blob_storage": [],
                    "file_system": []
                  }
                ]
              }
            ],
            "name": "okaheloheks",
            "outbound_ip_address_list": [
              "52.242.231.60",
              "52.242.231.105",
              "52.242.231.108",
              "52.242.231.116",
              "52.242.231.123",
              "52.242.231.133",
              "20.40.202.15"
            ],
            "outbound_ip_addresses": "52.242.231.60,52.242.231.105,52.242.231.108,52.242.231.116,52.242.231.123,52.242.231.133,20.40.202.15",
            "possible_outbound_ip_address_list": [
              "52.242.231.60",
              "52.242.231.105",
              "52.242.231.108",
              "52.242.231.116",
              "52.242.231.123",
              "52.242.231.133",
              "52.242.231.141",
              "52.242.231.151",
              "52.242.231.161",
              "52.242.231.163",
              "52.242.231.166",
              "52.242.231.198",
              "52.242.231.206",
              "52.242.231.228",
              "52.242.231.235",
              "52.242.231.246",
              "52.242.231.255",
              "52.230.224.25",
              "20.84.226.12",
              "20.84.226.24",
              "20.84.226.56",
              "20.84.226.63",
              "20.84.226.128",
              "20.84.226.133",
              "20.40.202.15"
            ],
            "possible_outbound_ip_addresses": "52.242.231.60,52.242.231.105,52.242.231.108,52.242.231.116,52.242.231.123,52.242.231.133,52.242.231.141,52.242.231.151,52.242.231.161,52.242.231.163,52.242.231.166,52.242.231.198,52.242.231.206,52.242.231.228,52.242.231.235,52.242.231.246,52.242.231.255,52.230.224.25,20.84.226.12,20.84.226.24,20.84.226.56,20.84.226.63,20.84.226.128,20.84.226.133,20.40.202.15",
            "resource_group_name": "RESOURCE_GROUP_NAME",
            "site_config": [
              {
                "acr_use_managed_identity_credentials": false,
                "acr_user_managed_identity_client_id": "",
                "always_on": false,
                "app_command_line": "",
                "auto_swap_slot_name": "",
                "cors": [
                  {
                    "allowed_origins": [],
                    "support_credentials": false
                  }
                ],
                "default_documents": [
                  "Default.htm",
                  "Default.html",
                  "Default.asp",
                  "index.htm",
                  "index.html",
                  "iisstart.htm",
                  "default.aspx",
                  "index.php",
                  "hostingstart.html"
                ],
                "dotnet_framework_version": "v4.0",
                "ftps_state": "AllAllowed",
                "health_check_path": "",
                "http2_enabled": false,
                "ip_restriction": [],
                "java_container": "",
                "java_container_version": "",
                "java_version": "",
                "linux_fx_version": "",
                "local_mysql_enabled": false,
                "managed_pipeline_mode": "Integrated",
                "min_tls_version": "1.2",
                "number_of_workers": 1,
                "php_version": "",
                "python_version": "",
                "remote_debugging_enabled": false,
                "remote_debugging_version": "VS2019",
                "scm_ip_restriction": [],
                "scm_type": "None",
                "scm_use_main_ip_restriction": false,
                "use_32_bit_worker_process": true,
                "vnet_route_all_enabled": false,
                "websockets_enabled": false,
                "windows_fx_version": ""
              }
            ],
            "site_credential": [
              {
                "password": "huWswqNkeqHHbd8xvkxndYarmmjdvnjWkDSKXsikogW6W9zs4FRjCLhg13Tj",
                "username": "$okaheloheks"
              }
            ],
            "source_control": [
              {
                "branch": "master",
                "manual_integration": false,
                "repo_url": "",
                "rollback_enabled": false,
                "use_mercurial": false
              }
            ],
            "storage_account": [],
            "tags": null,
            "timeouts": null
          },
          "sensitive_attributes": [],
          "private": "eyJlMmJmYjczMC1lY2FhLTExZTYtOGY4OC0zNDM2M2JjN2M0YzAiOnsiY3JlYXRlIjoxODAwMDAwMDAwMDAwLCJkZWxldGUiOjE4MDAwMDAwMDAwMDAsInJlYWQiOjMwMDAwMDAwMDAwMCwidXBkYXRlIjoxODAwMDAwMDAwMDAwfX0=",
          "dependencies": [
            "azurerm_resource_group.rg",
            "module.app-service.azurerm_app_service_plan.asp"
          ]
        }
      ]
    },
    {
      "module": "module.app-service",
      "mode": "managed",
      "type": "azurerm_app_service_plan",
      "name": "asp",
      "provider": "provider[\"registry.terraform.io/hashicorp/azurerm\"]",
      "instances": [
        {
          "schema_version": 0,
          "attributes": {
            "app_service_environment_id": "",
            "id": "/subscriptions/2c54b4c3-e1db-41a1-81a7-63db50730625/resourceGroups/RESOURCE_GROUP_NAME/providers/Microsoft.Web/serverfarms/okaheloheks-asp",
            "is_xenon": false,
            "kind": "linux",
            "location": "centralus",
            "maximum_elastic_worker_count": 1,
            "maximum_number_of_workers": 1,
            "name": "okaheloheks-asp",
            "per_site_scaling": false,
            "reserved": true,
            "resource_group_name": "RESOURCE_GROUP_NAME",
            "sku": [
              {
                "capacity": 1,
                "size": "F1",
                "tier": "Free"
              }
            ],
            "tags": null,
            "timeouts": null,
            "zone_redundant": false
          },
          "sensitive_attributes": [],
          "private": "eyJlMmJmYjczMC1lY2FhLTExZTYtOGY4OC0zNDM2M2JjN2M0YzAiOnsiY3JlYXRlIjozNjAwMDAwMDAwMDAwLCJkZWxldGUiOjM2MDAwMDAwMDAwMDAsInJlYWQiOjMwMDAwMDAwMDAwMCwidXBkYXRlIjozNjAwMDAwMDAwMDAwfX0=",
          "dependencies": [
            "azurerm_resource_group.rg"
          ]
        }
      ]
    }
  ]
}
