{
  "version": 4,
  "terraform_version": "1.2.0",
  "serial": 59,
  "lineage": "621c30cb-8135-09a8-3ad8-b8d88bd84ed7",
  "outputs": {},
  "resources": [
    {
      "module": "module.sql_database",
      "mode": "data",
      "type": "azurerm_private_endpoint_connection",
      "name": "kopi-endpoint-connection",
      "provider": "module.sql_database.provider[\"registry.terraform.io/hashicorp/azurerm\"]",
      "instances": [
        {
          "schema_version": 0,
          "attributes": {
            "id": "/subscriptions/2c54b4c3-e1db-41a1-81a7-63db50730625/resourceGroups/az-ae-dev-mydb-rg/providers/Microsoft.Network/privateEndpoints/az-ae-dev-mydb-db-endpoint",
            "location": "australiaeast",
            "name": "az-ae-dev-mydb-db-endpoint",
            "network_interface": [
              {
                "id": "/subscriptions/2c54b4c3-e1db-41a1-81a7-63db50730625/resourceGroups/az-ae-dev-mydb-rg/providers/Microsoft.Network/networkInterfaces/az-ae-dev-mydb-db-endpoint.nic.e3747f5d-4525-465c-bf0b-28eda4ab3939",
                "name": "az-ae-dev-mydb-db-endpoint.nic.e3747f5d-4525-465c-bf0b-28eda4ab3939"
              }
            ],
            "private_service_connection": [
              {
                "name": "az-ae-dev-mydb-db-endpoint",
                "private_ip_address": "10.1.0.4",
                "request_response": "Auto-approved",
                "status": "Approved"
              }
            ],
            "resource_group_name": "az-ae-dev-mydb-rg",
            "timeouts": null
          },
          "sensitive_attributes": []
        }
      ]
    },
    {
      "module": "module.sql_database",
      "mode": "managed",
      "type": "azurerm_mssql_server",
      "name": "kopi-sql-server",
      "provider": "module.sql_database.provider[\"registry.terraform.io/hashicorp/azurerm\"]",
      "instances": [
        {
          "schema_version": 0,
          "attributes": {
            "administrator_login": "azureadmin",
            "administrator_login_password": "Pass@123456789",
            "azuread_administrator": [],
            "connection_policy": "Default",
            "fully_qualified_domain_name": "az-ae-dev-mydb-sql-server.database.windows.net",
            "id": "/subscriptions/2c54b4c3-e1db-41a1-81a7-63db50730625/resourceGroups/az-ae-dev-mydb-rg/providers/Microsoft.Sql/servers/az-ae-dev-mydb-sql-server",
            "identity": [],
            "location": "australiaeast",
            "minimum_tls_version": "1.2",
            "name": "az-ae-dev-mydb-sql-server",
            "outbound_network_restriction_enabled": false,
            "primary_user_assigned_identity_id": "",
            "public_network_access_enabled": false,
            "resource_group_name": "az-ae-dev-mydb-rg",
            "restorable_dropped_database_ids": [],
            "tags": {
              "environment": "dev"
            },
            "timeouts": null,
            "version": "12.0"
          },
          "sensitive_attributes": [],
          "private": "eyJlMmJmYjczMC1lY2FhLTExZTYtOGY4OC0zNDM2M2JjN2M0YzAiOnsiY3JlYXRlIjozNjAwMDAwMDAwMDAwLCJkZWxldGUiOjM2MDAwMDAwMDAwMDAsInJlYWQiOjMwMDAwMDAwMDAwMCwidXBkYXRlIjozNjAwMDAwMDAwMDAwfX0=",
          "dependencies": [
            "module.sql_database.azurerm_resource_group.kopi-rg"
          ]
        }
      ]
    },
    {
      "module": "module.sql_database",
      "mode": "managed",
      "type": "azurerm_private_dns_a_record",
      "name": "kopi-endpoint-dns-a-record",
      "provider": "module.sql_database.provider[\"registry.terraform.io/hashicorp/azurerm\"]",
      "instances": [
        {
          "schema_version": 0,
          "attributes": {
            "fqdn": "az-ae-dev-mydb-sql-server.private-dns-link.database.windows.net.",
            "id": "/subscriptions/2c54b4c3-e1db-41a1-81a7-63db50730625/resourceGroups/az-ae-dev-mydb-rg/providers/Microsoft.Network/privateDnsZones/private-dns-link.database.windows.net/A/az-ae-dev-mydb-sql-server",
            "name": "az-ae-dev-mydb-sql-server",
            "records": [
              "10.1.0.4"
            ],
            "resource_group_name": "az-ae-dev-mydb-rg",
            "tags": null,
            "timeouts": null,
            "ttl": 300,
            "zone_name": "private-dns-link.database.windows.net"
          },
          "sensitive_attributes": [],
          "private": "eyJlMmJmYjczMC1lY2FhLTExZTYtOGY4OC0zNDM2M2JjN2M0YzAiOnsiY3JlYXRlIjoxODAwMDAwMDAwMDAwLCJkZWxldGUiOjE4MDAwMDAwMDAwMDAsInJlYWQiOjMwMDAwMDAwMDAwMCwidXBkYXRlIjoxODAwMDAwMDAwMDAwfX0=",
          "dependencies": [
            "module.sql_database.azurerm_mssql_server.kopi-sql-server",
            "module.sql_database.azurerm_private_dns_zone.kopi-endpoint-dns-private-zone",
            "module.sql_database.azurerm_private_endpoint.kopi-db-endpoint",
            "module.sql_database.azurerm_resource_group.kopi-rg",
            "module.sql_database.azurerm_subnet.kopi-db-subnet",
            "module.sql_database.azurerm_virtual_network.kopi-vnet",
            "module.sql_database.data.azurerm_private_endpoint_connection.kopi-endpoint-connection"
          ]
        }
      ]
    },
    {
      "module": "module.sql_database",
      "mode": "managed",
      "type": "azurerm_private_dns_zone",
      "name": "kopi-endpoint-dns-private-zone",
      "provider": "module.sql_database.provider[\"registry.terraform.io/hashicorp/azurerm\"]",
      "instances": [
        {
          "schema_version": 0,
          "attributes": {
            "id": "/subscriptions/2c54b4c3-e1db-41a1-81a7-63db50730625/resourceGroups/az-ae-dev-mydb-rg/providers/Microsoft.Network/privateDnsZones/private-dns-link.database.windows.net",
            "max_number_of_record_sets": 25000,
            "max_number_of_virtual_network_links": 1000,
            "max_number_of_virtual_network_links_with_registration": 100,
            "name": "private-dns-link.database.windows.net",
            "number_of_record_sets": 1,
            "resource_group_name": "az-ae-dev-mydb-rg",
            "soa_record": [
              {
                "email": "azureprivatedns-host.microsoft.com",
                "expire_time": 2419200,
                "fqdn": "private-dns-link.database.windows.net.",
                "host_name": "azureprivatedns.net",
                "minimum_ttl": 10,
                "refresh_time": 3600,
                "retry_time": 300,
                "serial_number": 1,
                "tags": {},
                "ttl": 3600
              }
            ],
            "tags": null,
            "timeouts": null
          },
          "sensitive_attributes": [],
          "private": "eyJlMmJmYjczMC1lY2FhLTExZTYtOGY4OC0zNDM2M2JjN2M0YzAiOnsiY3JlYXRlIjoxODAwMDAwMDAwMDAwLCJkZWxldGUiOjE4MDAwMDAwMDAwMDAsInJlYWQiOjMwMDAwMDAwMDAwMCwidXBkYXRlIjoxODAwMDAwMDAwMDAwfX0=",
          "dependencies": [
            "module.sql_database.azurerm_resource_group.kopi-rg"
          ]
        }
      ]
    },
    {
      "module": "module.sql_database",
      "mode": "managed",
      "type": "azurerm_private_dns_zone",
      "name": "kopi-private-dns",
      "provider": "module.sql_database.provider[\"registry.terraform.io/hashicorp/azurerm\"]",
      "instances": [
        {
          "schema_version": 0,
          "attributes": {
            "id": "/subscriptions/2c54b4c3-e1db-41a1-81a7-63db50730625/resourceGroups/az-ae-dev-mydb-rg/providers/Microsoft.Network/privateDnsZones/mydomain.com",
            "max_number_of_record_sets": 25000,
            "max_number_of_virtual_network_links": 1000,
            "max_number_of_virtual_network_links_with_registration": 100,
            "name": "mydomain.com",
            "number_of_record_sets": 1,
            "resource_group_name": "az-ae-dev-mydb-rg",
            "soa_record": [
              {
                "email": "azureprivatedns-host.microsoft.com",
                "expire_time": 2419200,
                "fqdn": "mydomain.com.",
                "host_name": "azureprivatedns.net",
                "minimum_ttl": 10,
                "refresh_time": 3600,
                "retry_time": 300,
                "serial_number": 1,
                "tags": {},
                "ttl": 3600
              }
            ],
            "tags": null,
            "timeouts": null
          },
          "sensitive_attributes": [],
          "private": "eyJlMmJmYjczMC1lY2FhLTExZTYtOGY4OC0zNDM2M2JjN2M0YzAiOnsiY3JlYXRlIjoxODAwMDAwMDAwMDAwLCJkZWxldGUiOjE4MDAwMDAwMDAwMDAsInJlYWQiOjMwMDAwMDAwMDAwMCwidXBkYXRlIjoxODAwMDAwMDAwMDAwfX0=",
          "dependencies": [
            "module.sql_database.azurerm_resource_group.kopi-rg"
          ]
        }
      ]
    },
    {
      "module": "module.sql_database",
      "mode": "managed",
      "type": "azurerm_private_dns_zone_virtual_network_link",
      "name": "dns-zone-to-vnet-link",
      "provider": "module.sql_database.provider[\"registry.terraform.io/hashicorp/azurerm\"]",
      "instances": [
        {
          "schema_version": 0,
          "attributes": {
            "id": "/subscriptions/2c54b4c3-e1db-41a1-81a7-63db50730625/resourceGroups/az-ae-dev-mydb-rg/providers/Microsoft.Network/privateDnsZones/private-dns-link.database.windows.net/virtualNetworkLinks/az-ae-dev-mydb-db-vnet-link",
            "name": "az-ae-dev-mydb-db-vnet-link",
            "private_dns_zone_name": "private-dns-link.database.windows.net",
            "registration_enabled": false,
            "resource_group_name": "az-ae-dev-mydb-rg",
            "tags": null,
            "timeouts": null,
            "virtual_network_id": "/subscriptions/2c54b4c3-e1db-41a1-81a7-63db50730625/resourceGroups/az-ae-dev-mydb-rg/providers/Microsoft.Network/virtualNetworks/az-ae-dev-mydb-vnet"
          },
          "sensitive_attributes": [],
          "private": "eyJlMmJmYjczMC1lY2FhLTExZTYtOGY4OC0zNDM2M2JjN2M0YzAiOnsiY3JlYXRlIjoxODAwMDAwMDAwMDAwLCJkZWxldGUiOjE4MDAwMDAwMDAwMDAsInJlYWQiOjMwMDAwMDAwMDAwMCwidXBkYXRlIjoxODAwMDAwMDAwMDAwfX0=",
          "dependencies": [
            "module.sql_database.azurerm_private_dns_zone.kopi-endpoint-dns-private-zone",
            "module.sql_database.azurerm_resource_group.kopi-rg",
            "module.sql_database.azurerm_virtual_network.kopi-vnet"
          ]
        }
      ]
    },
    {
      "module": "module.sql_database",
      "mode": "managed",
      "type": "azurerm_private_dns_zone_virtual_network_link",
      "name": "kopi-private-dns-link",
      "provider": "module.sql_database.provider[\"registry.terraform.io/hashicorp/azurerm\"]",
      "instances": [
        {
          "schema_version": 0,
          "attributes": {
            "id": "/subscriptions/2c54b4c3-e1db-41a1-81a7-63db50730625/resourceGroups/az-ae-dev-mydb-rg/providers/Microsoft.Network/privateDnsZones/mydomain.com/virtualNetworkLinks/az-ae-dev-mydb-vnet",
            "name": "az-ae-dev-mydb-vnet",
            "private_dns_zone_name": "mydomain.com",
            "registration_enabled": false,
            "resource_group_name": "az-ae-dev-mydb-rg",
            "tags": null,
            "timeouts": null,
            "virtual_network_id": "/subscriptions/2c54b4c3-e1db-41a1-81a7-63db50730625/resourceGroups/az-ae-dev-mydb-rg/providers/Microsoft.Network/virtualNetworks/az-ae-dev-mydb-vnet"
          },
          "sensitive_attributes": [],
          "private": "eyJlMmJmYjczMC1lY2FhLTExZTYtOGY4OC0zNDM2M2JjN2M0YzAiOnsiY3JlYXRlIjoxODAwMDAwMDAwMDAwLCJkZWxldGUiOjE4MDAwMDAwMDAwMDAsInJlYWQiOjMwMDAwMDAwMDAwMCwidXBkYXRlIjoxODAwMDAwMDAwMDAwfX0=",
          "dependencies": [
            "module.sql_database.azurerm_private_dns_zone.kopi-private-dns",
            "module.sql_database.azurerm_resource_group.kopi-rg",
            "module.sql_database.azurerm_virtual_network.kopi-vnet"
          ]
        }
      ]
    },
    {
      "module": "module.sql_database",
      "mode": "managed",
      "type": "azurerm_private_endpoint",
      "name": "kopi-db-endpoint",
      "provider": "module.sql_database.provider[\"registry.terraform.io/hashicorp/azurerm\"]",
      "instances": [
        {
          "schema_version": 0,
          "attributes": {
            "custom_dns_configs": [
              {
                "fqdn": "az-ae-dev-mydb-sql-server.database.windows.net",
                "ip_addresses": [
                  "10.1.0.4"
                ]
              }
            ],
            "id": "/subscriptions/2c54b4c3-e1db-41a1-81a7-63db50730625/resourceGroups/az-ae-dev-mydb-rg/providers/Microsoft.Network/privateEndpoints/az-ae-dev-mydb-db-endpoint",
            "location": "australiaeast",
            "name": "az-ae-dev-mydb-db-endpoint",
            "network_interface": [
              {
                "id": "/subscriptions/2c54b4c3-e1db-41a1-81a7-63db50730625/resourceGroups/az-ae-dev-mydb-rg/providers/Microsoft.Network/networkInterfaces/az-ae-dev-mydb-db-endpoint.nic.e3747f5d-4525-465c-bf0b-28eda4ab3939",
                "name": "az-ae-dev-mydb-db-endpoint.nic.e3747f5d-4525-465c-bf0b-28eda4ab3939"
              }
            ],
            "private_dns_zone_configs": [],
            "private_dns_zone_group": [],
            "private_service_connection": [
              {
                "is_manual_connection": false,
                "name": "az-ae-dev-mydb-db-endpoint",
                "private_connection_resource_alias": "",
                "private_connection_resource_id": "/subscriptions/2c54b4c3-e1db-41a1-81a7-63db50730625/resourceGroups/az-ae-dev-mydb-rg/providers/Microsoft.Sql/servers/az-ae-dev-mydb-sql-server",
                "private_ip_address": "10.1.0.4",
                "request_message": "",
                "subresource_names": [
                  "sqlServer"
                ]
              }
            ],
            "resource_group_name": "az-ae-dev-mydb-rg",
            "subnet_id": "/subscriptions/2c54b4c3-e1db-41a1-81a7-63db50730625/resourceGroups/az-ae-dev-mydb-rg/providers/Microsoft.Network/virtualNetworks/az-ae-dev-mydb-vnet/subnets/az-ae-dev-mydb-db-subnet",
            "tags": null,
            "timeouts": null
          },
          "sensitive_attributes": [],
          "private": "eyJlMmJmYjczMC1lY2FhLTExZTYtOGY4OC0zNDM2M2JjN2M0YzAiOnsiY3JlYXRlIjozNjAwMDAwMDAwMDAwLCJkZWxldGUiOjM2MDAwMDAwMDAwMDAsInJlYWQiOjMwMDAwMDAwMDAwMCwidXBkYXRlIjozNjAwMDAwMDAwMDAwfX0=",
          "dependencies": [
            "module.sql_database.azurerm_mssql_server.kopi-sql-server",
            "module.sql_database.azurerm_resource_group.kopi-rg",
            "module.sql_database.azurerm_subnet.kopi-db-subnet",
            "module.sql_database.azurerm_virtual_network.kopi-vnet"
          ]
        }
      ]
    },
    {
      "module": "module.sql_database",
      "mode": "managed",
      "type": "azurerm_resource_group",
      "name": "kopi-rg",
      "provider": "module.sql_database.provider[\"registry.terraform.io/hashicorp/azurerm\"]",
      "instances": [
        {
          "schema_version": 0,
          "attributes": {
            "id": "/subscriptions/2c54b4c3-e1db-41a1-81a7-63db50730625/resourceGroups/az-ae-dev-mydb-rg",
            "location": "australiaeast",
            "name": "az-ae-dev-mydb-rg",
            "tags": {
              "environment": "dev"
            },
            "timeouts": null
          },
          "sensitive_attributes": [],
          "private": "eyJlMmJmYjczMC1lY2FhLTExZTYtOGY4OC0zNDM2M2JjN2M0YzAiOnsiY3JlYXRlIjo1NDAwMDAwMDAwMDAwLCJkZWxldGUiOjU0MDAwMDAwMDAwMDAsInJlYWQiOjMwMDAwMDAwMDAwMCwidXBkYXRlIjo1NDAwMDAwMDAwMDAwfX0="
        }
      ]
    },
    {
      "module": "module.sql_database",
      "mode": "managed",
      "type": "azurerm_sql_database",
      "name": "kopi-sql-db",
      "provider": "module.sql_database.provider[\"registry.terraform.io/hashicorp/azurerm\"]",
      "instances": [
        {
          "schema_version": 0,
          "attributes": {
            "collation": "Latin1_General_CI_AS",
            "create_mode": "Default",
            "creation_date": "2022-06-28T04:29:53.383Z",
            "default_secondary_location": "Australia Southeast",
            "edition": "Standard",
            "elastic_pool_name": "",
            "encryption": "",
            "id": "/subscriptions/2c54b4c3-e1db-41a1-81a7-63db50730625/resourceGroups/az-ae-dev-mydb-rg/providers/Microsoft.Sql/servers/az-ae-dev-mydb-sql-server/databases/kopi-db",
            "import": [],
            "location": "australiaeast",
            "max_size_bytes": "10737418240",
            "max_size_gb": null,
            "name": "kopi-db",
            "read_scale": false,
            "requested_service_objective_id": "f1173c43-91bd-4aaa-973c-54e79e15235b",
            "requested_service_objective_name": "S0",
            "resource_group_name": "az-ae-dev-mydb-rg",
            "restore_point_in_time": null,
            "server_name": "az-ae-dev-mydb-sql-server",
            "source_database_deletion_date": null,
            "source_database_id": null,
            "tags": {
              "environment": "dev"
            },
            "threat_detection_policy": [
              {
                "disabled_alerts": [],
                "email_account_admins": "Disabled",
                "email_addresses": [],
                "retention_days": 0,
                "state": "Disabled",
                "storage_account_access_key": "",
                "storage_endpoint": ""
              }
            ],
            "timeouts": null,
            "zone_redundant": false
          },
          "sensitive_attributes": [],
          "private": "eyJlMmJmYjczMC1lY2FhLTExZTYtOGY4OC0zNDM2M2JjN2M0YzAiOnsiY3JlYXRlIjozNjAwMDAwMDAwMDAwLCJkZWxldGUiOjM2MDAwMDAwMDAwMDAsInJlYWQiOjMwMDAwMDAwMDAwMCwidXBkYXRlIjozNjAwMDAwMDAwMDAwfX0=",
          "dependencies": [
            "module.sql_database.azurerm_mssql_server.kopi-sql-server",
            "module.sql_database.azurerm_resource_group.kopi-rg"
          ]
        }
      ]
    },
    {
      "module": "module.sql_database",
      "mode": "managed",
      "type": "azurerm_subnet",
      "name": "kopi-db-subnet",
      "provider": "module.sql_database.provider[\"registry.terraform.io/hashicorp/azurerm\"]",
      "instances": [
        {
          "schema_version": 0,
          "attributes": {
            "address_prefixes": [
              "10.1.0.0/24"
            ],
            "delegation": [],
            "enforce_private_link_endpoint_network_policies": true,
            "enforce_private_link_service_network_policies": false,
            "id": "/subscriptions/2c54b4c3-e1db-41a1-81a7-63db50730625/resourceGroups/az-ae-dev-mydb-rg/providers/Microsoft.Network/virtualNetworks/az-ae-dev-mydb-vnet/subnets/az-ae-dev-mydb-db-subnet",
            "name": "az-ae-dev-mydb-db-subnet",
            "resource_group_name": "az-ae-dev-mydb-rg",
            "service_endpoint_policy_ids": null,
            "service_endpoints": null,
            "timeouts": null,
            "virtual_network_name": "az-ae-dev-mydb-vnet"
          },
          "sensitive_attributes": [],
          "private": "eyJlMmJmYjczMC1lY2FhLTExZTYtOGY4OC0zNDM2M2JjN2M0YzAiOnsiY3JlYXRlIjoxODAwMDAwMDAwMDAwLCJkZWxldGUiOjE4MDAwMDAwMDAwMDAsInJlYWQiOjMwMDAwMDAwMDAwMCwidXBkYXRlIjoxODAwMDAwMDAwMDAwfX0=",
          "dependencies": [
            "module.sql_database.azurerm_resource_group.kopi-rg",
            "module.sql_database.azurerm_virtual_network.kopi-vnet"
          ]
        }
      ]
    },
    {
      "module": "module.sql_database",
      "mode": "managed",
      "type": "azurerm_virtual_network",
      "name": "kopi-vnet",
      "provider": "module.sql_database.provider[\"registry.terraform.io/hashicorp/azurerm\"]",
      "instances": [
        {
          "schema_version": 0,
          "attributes": {
            "address_space": [
              "10.1.0.0/16"
            ],
            "bgp_community": "",
            "ddos_protection_plan": [],
            "dns_servers": [],
            "edge_zone": "",
            "flow_timeout_in_minutes": 0,
            "guid": "5655fd1f-116d-479d-bfa8-2780ca1fae8f",
            "id": "/subscriptions/2c54b4c3-e1db-41a1-81a7-63db50730625/resourceGroups/az-ae-dev-mydb-rg/providers/Microsoft.Network/virtualNetworks/az-ae-dev-mydb-vnet",
            "location": "australiaeast",
            "name": "az-ae-dev-mydb-vnet",
            "resource_group_name": "az-ae-dev-mydb-rg",
            "subnet": [],
            "tags": {
              "environment": "dev"
            },
            "timeouts": null
          },
          "sensitive_attributes": [],
          "private": "eyJlMmJmYjczMC1lY2FhLTExZTYtOGY4OC0zNDM2M2JjN2M0YzAiOnsiY3JlYXRlIjoxODAwMDAwMDAwMDAwLCJkZWxldGUiOjE4MDAwMDAwMDAwMDAsInJlYWQiOjMwMDAwMDAwMDAwMCwidXBkYXRlIjoxODAwMDAwMDAwMDAwfX0=",
          "dependencies": [
            "module.sql_database.azurerm_resource_group.kopi-rg"
          ]
        }
      ]
    }
  ]
}
