{
  "version": 4,
  "terraform_version": "0.15.3",
  "serial": 5,
  "lineage": "25dc7627-abad-560a-576b-2d191da03cd5",
  "outputs": {
    "myip": {
      "value": "100.26.153.137",
      "type": "string"
    },
    "os3": {
      "value": {
        "device_name": "/dev/sdc",
        "force_detach": true,
        "id": "vai-205642654",
        "instance_id": "i-00c19f0cb63594bed",
        "skip_destroy": null,
        "volume_id": "vol-03a1c94537e159260"
      },
      "type": [
        "object",
        {
          "device_name": "string",
          "force_detach": "bool",
          "id": "string",
          "instance_id": "string",
          "skip_destroy": "bool",
          "volume_id": "string"
        }
      ]
    }
  },
  "resources": [
    {
      "mode": "managed",
      "type": "aws_ebs_volume",
      "name": "st1",
      "provider": "provider[\"registry.terraform.io/hashicorp/aws\"]",
      "instances": [
        {
          "schema_version": 0,
          "attributes": {
            "arn": "arn:aws:ec2:us-east-1:702968825429:volume/vol-03a1c94537e159260",
            "availability_zone": "us-east-1e",
            "encrypted": false,
            "id": "vol-03a1c94537e159260",
            "iops": 100,
            "kms_key_id": "",
            "multi_attach_enabled": false,
            "outpost_arn": "",
            "size": 1,
            "snapshot_id": "",
            "tags": {
              "Name": "vk HDD"
            },
            "tags_all": {
              "Name": "vk HDD"
            },
            "throughput": 0,
            "type": "gp2"
          },
          "sensitive_attributes": [],
          "private": "bnVsbA==",
          "dependencies": [
            "aws_instance.webos1"
          ]
        }
      ]
    },
    {
      "mode": "managed",
      "type": "aws_instance",
      "name": "webos1",
      "provider": "provider[\"registry.terraform.io/hashicorp/aws\"]",
      "instances": [
        {
          "schema_version": 1,
          "attributes": {
            "ami": "ami-0d5eff06f840b45e9",
            "arn": "arn:aws:ec2:us-east-1:702968825429:instance/i-00c19f0cb63594bed",
            "associate_public_ip_address": true,
            "availability_zone": "us-east-1e",
            "capacity_reservation_specification": [
              {
                "capacity_reservation_preference": "open",
                "capacity_reservation_target": []
              }
            ],
            "cpu_core_count": 1,
            "cpu_threads_per_core": 1,
            "credit_specification": [
              {
                "cpu_credits": "standard"
              }
            ],
            "disable_api_termination": false,
            "ebs_block_device": [],
            "ebs_optimized": false,
            "enclave_options": [
              {
                "enabled": false
              }
            ],
            "ephemeral_block_device": [],
            "get_password_data": false,
            "hibernation": false,
            "host_id": null,
            "iam_instance_profile": "",
            "id": "i-00c19f0cb63594bed",
            "instance_initiated_shutdown_behavior": "stop",
            "instance_state": "running",
            "instance_type": "t2.micro",
            "ipv6_address_count": 0,
            "ipv6_addresses": [],
            "key_name": "terraform_key",
            "metadata_options": [
              {
                "http_endpoint": "enabled",
                "http_put_response_hop_limit": 1,
                "http_tokens": "optional"
              }
            ],
            "monitoring": false,
            "network_interface": [],
            "outpost_arn": "",
            "password_data": "",
            "placement_group": "",
            "primary_network_interface_id": "eni-0002d0a0302c509ba",
            "private_dns": "ip-172-31-61-173.ec2.internal",
            "private_ip": "172.31.61.173",
            "public_dns": "ec2-100-26-153-137.compute-1.amazonaws.com",
            "public_ip": "100.26.153.137",
            "root_block_device": [
              {
                "delete_on_termination": true,
                "device_name": "/dev/xvda",
                "encrypted": false,
                "iops": 100,
                "kms_key_id": "",
                "tags": {},
                "throughput": 0,
                "volume_id": "vol-03908c0805271452d",
                "volume_size": 8,
                "volume_type": "gp2"
              }
            ],
            "secondary_private_ips": [],
            "security_groups": [
              "webport-allow"
            ],
            "source_dest_check": true,
            "subnet_id": "subnet-d05f4fee",
            "tags": {
              "Name": "Web server by tf"
            },
            "tags_all": {
              "Name": "Web server by tf"
            },
            "tenancy": "default",
            "timeouts": null,
            "user_data": null,
            "user_data_base64": null,
            "volume_tags": null,
            "vpc_security_group_ids": [
              "sg-0d3adc52687234d72"
            ]
          },
          "sensitive_attributes": [],
          "private": "eyJlMmJmYjczMC1lY2FhLTExZTYtOGY4OC0zNDM2M2JjN2M0YzAiOnsiY3JlYXRlIjo2MDAwMDAwMDAwMDAsImRlbGV0ZSI6MTIwMDAwMDAwMDAwMCwidXBkYXRlIjo2MDAwMDAwMDAwMDB9LCJzY2hlbWFfdmVyc2lvbiI6IjEifQ=="
        }
      ]
    },
    {
      "mode": "managed",
      "type": "aws_volume_attachment",
      "name": "ebs_att",
      "provider": "provider[\"registry.terraform.io/hashicorp/aws\"]",
      "instances": [
        {
          "schema_version": 0,
          "attributes": {
            "device_name": "/dev/sdc",
            "force_detach": true,
            "id": "vai-205642654",
            "instance_id": "i-00c19f0cb63594bed",
            "skip_destroy": null,
            "volume_id": "vol-03a1c94537e159260"
          },
          "sensitive_attributes": [],
          "private": "bnVsbA==",
          "dependencies": [
            "aws_ebs_volume.st1",
            "aws_instance.webos1"
          ]
        }
      ]
    },
    {
      "mode": "managed",
      "type": "null_resource",
      "name": "nullremote1",
      "provider": "provider[\"registry.terraform.io/hashicorp/null\"]",
      "instances": [
        {
          "schema_version": 0,
          "attributes": {
            "id": "634163399802951453",
            "triggers": null
          },
          "sensitive_attributes": [],
          "private": "bnVsbA==",
          "dependencies": [
            "aws_ebs_volume.st1",
            "aws_instance.webos1",
            "aws_volume_attachment.ebs_att"
          ]
        }
      ]
    }
  ]
}
