{
  "version": 4,
  "terraform_version": "1.2.0",
  "serial": 14,
  "lineage": "c7711d6a-5cdb-5c4b-a0b7-1bc28462c1db",
  "outputs": {},
  "resources": [
    {
      "mode": "managed",
      "type": "azurerm_app_service",
      "name": "example",
      "provider": "provider[\"registry.terraform.io/hashicorp/azurerm\"]",
      "instances": [
        {
          "schema_version": 0,
          "attributes": {
            "app_service_plan_id": "/subscriptions/2c54b4c3-e1db-41a1-81a7-63db50730625/resourceGroups/vkrg32/providers/Microsoft.Web/serverfarms/example-appserviceplan",
            "app_settings": {
              "WEBSITE_NODE_DEFAULT_VERSION": "6.9.1"
            },
            "auth_settings": [
              {
                "active_directory": [],
                "additional_login_params": {},
                "allowed_external_redirect_urls": [],
                "default_provider": "",
                "enabled": false,
                "facebook": [],
                "google": [],
                "issuer": "",
                "microsoft": [],
                "runtime_version": "",
                "token_refresh_extension_hours": 0,
                "token_store_enabled": false,
                "twitter": [],
                "unauthenticated_client_action": ""
              }
            ],
            "backup": [],
            "client_affinity_enabled": false,
            "client_cert_enabled": false,
            "client_cert_mode": "Required",
            "connection_string": [],
            "custom_domain_verification_id": "EAC4AA542FC2001A7A1A91D2C796A19A008A70F6D256ACCA5D714BD8884D6C87",
            "default_site_hostname": "example-app-svc-vk.azurewebsites.net",
            "enabled": true,
            "https_only": false,
            "id": "/subscriptions/2c54b4c3-e1db-41a1-81a7-63db50730625/resourceGroups/vkrg32/providers/Microsoft.Web/sites/example-app-svc-vk",
            "identity": [],
            "key_vault_reference_identity_id": "SystemAssigned",
            "location": "australiaeast",
            "logs": [
              {
                "application_logs": [
                  {
                    "azure_blob_storage": [],
                    "file_system_level": "Off"
                  }
                ],
                "detailed_error_messages_enabled": false,
                "failed_request_tracing_enabled": false,
                "http_logs": [
                  {
                    "azure_blob_storage": [],
                    "file_system": []
                  }
                ]
              }
            ],
            "name": "example-app-svc-vk",
            "outbound_ip_address_list": [
              "20.53.80.153",
              "20.53.124.133",
              "20.53.130.174",
              "20.53.131.181",
              "20.53.131.217",
              "20.53.132.47",
              "20.211.64.3"
            ],
            "outbound_ip_addresses": "20.53.80.153,20.53.124.133,20.53.130.174,20.53.131.181,20.53.131.217,20.53.132.47,20.211.64.3",
            "possible_outbound_ip_address_list": [
              "20.53.80.153",
              "20.53.124.133",
              "20.53.130.174",
              "20.53.131.181",
              "20.53.131.217",
              "20.53.132.47",
              "20.53.129.35",
              "20.53.132.78",
              "20.53.132.107",
              "20.53.125.110",
              "20.53.132.117",
              "20.53.132.125",
              "20.53.131.73",
              "20.53.126.230",
              "20.53.132.140",
              "20.53.132.153",
              "20.53.132.163",
              "20.53.132.230",
              "20.53.133.8",
              "20.53.133.34",
              "20.53.133.97",
              "20.53.133.131",
              "20.53.133.154",
              "20.53.133.193",
              "20.193.11.198",
              "20.53.133.212",
              "20.53.133.253",
              "20.193.31.39",
              "20.53.133.254",
              "20.53.134.32",
              "20.211.64.3"
            ],
            "possible_outbound_ip_addresses": "20.53.80.153,20.53.124.133,20.53.130.174,20.53.131.181,20.53.131.217,20.53.132.47,20.53.129.35,20.53.132.78,20.53.132.107,20.53.125.110,20.53.132.117,20.53.132.125,20.53.131.73,20.53.126.230,20.53.132.140,20.53.132.153,20.53.132.163,20.53.132.230,20.53.133.8,20.53.133.34,20.53.133.97,20.53.133.131,20.53.133.154,20.53.133.193,20.193.11.198,20.53.133.212,20.53.133.253,20.193.31.39,20.53.133.254,20.53.134.32,20.211.64.3",
            "resource_group_name": "vkrg32",
            "site_config": [
              {
                "acr_use_managed_identity_credentials": false,
                "acr_user_managed_identity_client_id": "",
                "always_on": false,
                "app_command_line": "",
                "auto_swap_slot_name": "",
                "cors": [
                  {
                    "allowed_origins": [],
                    "support_credentials": false
                  }
                ],
                "default_documents": null,
                "dotnet_framework_version": "v4.0",
                "ftps_state": "AllAllowed",
                "health_check_path": "",
                "http2_enabled": false,
                "ip_restriction": [],
                "java_container": "",
                "java_container_version": "",
                "java_version": "",
                "linux_fx_version": "",
                "local_mysql_enabled": false,
                "managed_pipeline_mode": "Integrated",
                "min_tls_version": "1.2",
                "number_of_workers": 1,
                "php_version": "",
                "python_version": "",
                "remote_debugging_enabled": false,
                "remote_debugging_version": "VS2019",
                "scm_ip_restriction": [],
                "scm_type": "LocalGit",
                "scm_use_main_ip_restriction": false,
                "use_32_bit_worker_process": true,
                "vnet_route_all_enabled": false,
                "websockets_enabled": false,
                "windows_fx_version": ""
              }
            ],
            "site_credential": [
              {
                "password": "Jhd0Tk1XiukPzH0mvqyv4BedZcgGSSrxc0xMv8BiCgtxHZsJf9jZTh0Yrqx4",
                "username": "$example-app-svc-vk"
              }
            ],
            "source_control": [
              {
                "branch": "main",
                "manual_integration": false,
                "repo_url": "https://example-app-svc-vk.scm.azurewebsites.net",
                "rollback_enabled": false,
                "use_mercurial": false
              }
            ],
            "storage_account": [],
            "tags": null,
            "timeouts": null
          },
          "sensitive_attributes": [],
          "private": "eyJlMmJmYjczMC1lY2FhLTExZTYtOGY4OC0zNDM2M2JjN2M0YzAiOnsiY3JlYXRlIjoxODAwMDAwMDAwMDAwLCJkZWxldGUiOjE4MDAwMDAwMDAwMDAsInJlYWQiOjMwMDAwMDAwMDAwMCwidXBkYXRlIjoxODAwMDAwMDAwMDAwfX0=",
          "dependencies": [
            "azurerm_app_service_plan.example",
            "azurerm_resource_group.example"
          ]
        }
      ]
    },
    {
      "mode": "managed",
      "type": "azurerm_app_service_plan",
      "name": "example",
      "provider": "provider[\"registry.terraform.io/hashicorp/azurerm\"]",
      "instances": [
        {
          "schema_version": 0,
          "attributes": {
            "app_service_environment_id": "",
            "id": "/subscriptions/2c54b4c3-e1db-41a1-81a7-63db50730625/resourceGroups/vkrg32/providers/Microsoft.Web/serverfarms/example-appserviceplan",
            "is_xenon": false,
            "kind": "Windows",
            "location": "australiaeast",
            "maximum_elastic_worker_count": 1,
            "maximum_number_of_workers": 1,
            "name": "example-appserviceplan",
            "per_site_scaling": false,
            "reserved": false,
            "resource_group_name": "vkrg32",
            "sku": [
              {
                "capacity": 0,
                "size": "F1",
                "tier": "Free"
              }
            ],
            "tags": {},
            "timeouts": null,
            "zone_redundant": false
          },
          "sensitive_attributes": [],
          "private": "eyJlMmJmYjczMC1lY2FhLTExZTYtOGY4OC0zNDM2M2JjN2M0YzAiOnsiY3JlYXRlIjozNjAwMDAwMDAwMDAwLCJkZWxldGUiOjM2MDAwMDAwMDAwMDAsInJlYWQiOjMwMDAwMDAwMDAwMCwidXBkYXRlIjozNjAwMDAwMDAwMDAwfX0=",
          "dependencies": [
            "azurerm_resource_group.example"
          ]
        }
      ]
    },
    {
      "mode": "managed",
      "type": "azurerm_resource_group",
      "name": "example",
      "provider": "provider[\"registry.terraform.io/hashicorp/azurerm\"]",
      "instances": [
        {
          "schema_version": 0,
          "attributes": {
            "id": "/subscriptions/2c54b4c3-e1db-41a1-81a7-63db50730625/resourceGroups/vkrg32",
            "location": "australiaeast",
            "name": "vkrg32",
            "tags": {},
            "timeouts": null
          },
          "sensitive_attributes": [],
          "private": "eyJlMmJmYjczMC1lY2FhLTExZTYtOGY4OC0zNDM2M2JjN2M0YzAiOnsiY3JlYXRlIjo1NDAwMDAwMDAwMDAwLCJkZWxldGUiOjU0MDAwMDAwMDAwMDAsInJlYWQiOjMwMDAwMDAwMDAwMCwidXBkYXRlIjo1NDAwMDAwMDAwMDAwfX0="
        }
      ]
    }
  ]
}
