{
  "version": 4,
  "terraform_version": "1.2.0",
  "serial": 9,
  "lineage": "e0434481-be84-0891-acb1-596274a66579",
  "outputs": {},
  "resources": [
    {
      "module": "module.appsvc",
      "mode": "managed",
      "type": "azurerm_app_service",
      "name": "example",
      "provider": "provider[\"registry.terraform.io/hashicorp/azurerm\"]",
      "instances": [
        {
          "schema_version": 0,
          "attributes": {
            "app_service_plan_id": "/subscriptions/2c54b4c3-e1db-41a1-81a7-63db50730625/resourceGroups/kholer-rg/providers/Microsoft.Web/serverfarms/kholer-svc-plan",
            "app_settings": {
              "WEBSITE_NODE_DEFAULT_VERSION": "6.9.1"
            },
            "auth_settings": [
              {
                "active_directory": [],
                "additional_login_params": {},
                "allowed_external_redirect_urls": [],
                "default_provider": "",
                "enabled": false,
                "facebook": [],
                "google": [],
                "issuer": "",
                "microsoft": [],
                "runtime_version": "",
                "token_refresh_extension_hours": 0,
                "token_store_enabled": false,
                "twitter": [],
                "unauthenticated_client_action": ""
              }
            ],
            "backup": [],
            "client_affinity_enabled": false,
            "client_cert_enabled": false,
            "client_cert_mode": "Required",
            "connection_string": [],
            "custom_domain_verification_id": "EAC4AA542FC2001A7A1A91D2C796A19A008A70F6D256ACCA5D714BD8884D6C87",
            "default_site_hostname": "kohler-myappsvc.azurewebsites.net",
            "enabled": true,
            "https_only": false,
            "id": "/subscriptions/2c54b4c3-e1db-41a1-81a7-63db50730625/resourceGroups/kholer-rg/providers/Microsoft.Web/sites/kohler-myappsvc",
            "identity": [],
            "key_vault_reference_identity_id": "SystemAssigned",
            "location": "australiaeast",
            "logs": [
              {
                "application_logs": [
                  {
                    "azure_blob_storage": [],
                    "file_system_level": "Off"
                  }
                ],
                "detailed_error_messages_enabled": false,
                "failed_request_tracing_enabled": false,
                "http_logs": [
                  {
                    "azure_blob_storage": [],
                    "file_system": []
                  }
                ]
              }
            ],
            "name": "kohler-myappsvc",
            "outbound_ip_address_list": [
              "20.92.68.33",
              "20.92.68.57",
              "20.92.69.44",
              "20.92.69.187",
              "20.92.69.254",
              "20.92.70.137",
              "20.211.64.9"
            ],
            "outbound_ip_addresses": "20.92.68.33,20.92.68.57,20.92.69.44,20.92.69.187,20.92.69.254,20.92.70.137,20.211.64.9",
            "possible_outbound_ip_address_list": [
              "20.92.68.33",
              "20.92.68.57",
              "20.92.69.44",
              "20.92.69.187",
              "20.92.69.254",
              "20.92.70.137",
              "20.92.70.167",
              "20.92.70.243",
              "20.92.70.245",
              "20.92.67.249",
              "20.92.71.51",
              "20.92.68.153",
              "20.92.71.76",
              "20.92.71.97",
              "20.92.69.131",
              "20.92.69.170",
              "20.92.71.109",
              "20.92.67.162",
              "20.92.71.124",
              "20.92.71.133",
              "20.92.71.197",
              "20.92.71.221",
              "20.92.70.21",
              "20.92.67.103",
              "20.92.69.196",
              "20.92.71.253",
              "20.227.8.1",
              "20.227.8.15",
              "20.92.70.139",
              "20.227.8.22",
              "20.211.64.9"
            ],
            "possible_outbound_ip_addresses": "20.92.68.33,20.92.68.57,20.92.69.44,20.92.69.187,20.92.69.254,20.92.70.137,20.92.70.167,20.92.70.243,20.92.70.245,20.92.67.249,20.92.71.51,20.92.68.153,20.92.71.76,20.92.71.97,20.92.69.131,20.92.69.170,20.92.71.109,20.92.67.162,20.92.71.124,20.92.71.133,20.92.71.197,20.92.71.221,20.92.70.21,20.92.67.103,20.92.69.196,20.92.71.253,20.227.8.1,20.227.8.15,20.92.70.139,20.227.8.22,20.211.64.9",
            "resource_group_name": "kholer-rg",
            "site_config": [
              {
                "acr_use_managed_identity_credentials": false,
                "acr_user_managed_identity_client_id": "",
                "always_on": false,
                "app_command_line": "",
                "auto_swap_slot_name": "",
                "cors": [],
                "default_documents": [
                  "Default.htm",
                  "Default.html",
                  "Default.asp",
                  "index.htm",
                  "index.html",
                  "iisstart.htm",
                  "default.aspx",
                  "index.php",
                  "hostingstart.html"
                ],
                "dotnet_framework_version": "v4.0",
                "ftps_state": "AllAllowed",
                "health_check_path": "",
                "http2_enabled": false,
                "ip_restriction": [],
                "java_container": "",
                "java_container_version": "",
                "java_version": "",
                "linux_fx_version": "",
                "local_mysql_enabled": false,
                "managed_pipeline_mode": "Integrated",
                "min_tls_version": "1.2",
                "number_of_workers": 1,
                "php_version": "5.6",
                "python_version": "",
                "remote_debugging_enabled": false,
                "remote_debugging_version": "",
                "scm_ip_restriction": [],
                "scm_type": "None",
                "scm_use_main_ip_restriction": false,
                "use_32_bit_worker_process": true,
                "vnet_route_all_enabled": false,
                "websockets_enabled": false,
                "windows_fx_version": ""
              }
            ],
            "site_credential": [
              {
                "password": "EZXTzFjyCyBgNZXl3hHxjTabm4qpvqmeAQqyhtCgJdLnxcDyqjWGFEtWQ04D",
                "username": "$kohler-myappsvc"
              }
            ],
            "source_control": [
              {
                "branch": "main",
                "manual_integration": false,
                "repo_url": "",
                "rollback_enabled": false,
                "use_mercurial": false
              }
            ],
            "storage_account": [],
            "tags": null,
            "timeouts": null
          },
          "sensitive_attributes": [],
          "private": "eyJlMmJmYjczMC1lY2FhLTExZTYtOGY4OC0zNDM2M2JjN2M0YzAiOnsiY3JlYXRlIjoxODAwMDAwMDAwMDAwLCJkZWxldGUiOjE4MDAwMDAwMDAwMDAsInJlYWQiOjMwMDAwMDAwMDAwMCwidXBkYXRlIjoxODAwMDAwMDAwMDAwfX0=",
          "dependencies": [
            "module.appsvc.azurerm_app_service_plan.example",
            "module.appsvc.azurerm_resource_group.example"
          ]
        }
      ]
    },
    {
      "module": "module.appsvc",
      "mode": "managed",
      "type": "azurerm_app_service_plan",
      "name": "example",
      "provider": "provider[\"registry.terraform.io/hashicorp/azurerm\"]",
      "instances": [
        {
          "schema_version": 0,
          "attributes": {
            "app_service_environment_id": "",
            "id": "/subscriptions/2c54b4c3-e1db-41a1-81a7-63db50730625/resourceGroups/kholer-rg/providers/Microsoft.Web/serverfarms/kholer-svc-plan",
            "is_xenon": false,
            "kind": "Windows",
            "location": "australiaeast",
            "maximum_elastic_worker_count": 1,
            "maximum_number_of_workers": 10,
            "name": "kholer-svc-plan",
            "per_site_scaling": false,
            "reserved": false,
            "resource_group_name": "kholer-rg",
            "sku": [
              {
                "capacity": 1,
                "size": "S1",
                "tier": "Standard"
              }
            ],
            "tags": {},
            "timeouts": null,
            "zone_redundant": false
          },
          "sensitive_attributes": [],
          "private": "eyJlMmJmYjczMC1lY2FhLTExZTYtOGY4OC0zNDM2M2JjN2M0YzAiOnsiY3JlYXRlIjozNjAwMDAwMDAwMDAwLCJkZWxldGUiOjM2MDAwMDAwMDAwMDAsInJlYWQiOjMwMDAwMDAwMDAwMCwidXBkYXRlIjozNjAwMDAwMDAwMDAwfX0=",
          "dependencies": [
            "module.appsvc.azurerm_resource_group.example"
          ]
        }
      ]
    },
    {
      "module": "module.appsvc",
      "mode": "managed",
      "type": "azurerm_app_service_virtual_network_swift_connection",
      "name": "example",
      "provider": "provider[\"registry.terraform.io/hashicorp/azurerm\"]",
      "instances": [
        {
          "schema_version": 0,
          "attributes": {
            "app_service_id": "/subscriptions/2c54b4c3-e1db-41a1-81a7-63db50730625/resourceGroups/kholer-rg/providers/Microsoft.Web/sites/kohler-myappsvc",
            "id": "/subscriptions/2c54b4c3-e1db-41a1-81a7-63db50730625/resourceGroups/kholer-rg/providers/Microsoft.Web/sites/kohler-myappsvc/config/virtualNetwork",
            "subnet_id": "/subscriptions/2c54b4c3-e1db-41a1-81a7-63db50730625/resourceGroups/kholer-rg/providers/Microsoft.Network/virtualNetworks/kholer-rg-vnet/subnets/kholer-rg-svc-subnet",
            "timeouts": null
          },
          "sensitive_attributes": [],
          "private": "eyJlMmJmYjczMC1lY2FhLTExZTYtOGY4OC0zNDM2M2JjN2M0YzAiOnsiY3JlYXRlIjoxODAwMDAwMDAwMDAwLCJkZWxldGUiOjE4MDAwMDAwMDAwMDAsInJlYWQiOjMwMDAwMDAwMDAwMCwidXBkYXRlIjoxODAwMDAwMDAwMDAwfX0=",
          "dependencies": [
            "module.appsvc.azurerm_app_service.example",
            "module.appsvc.azurerm_app_service_plan.example",
            "module.appsvc.azurerm_resource_group.example",
            "module.appsvc.azurerm_subnet.example"
          ]
        }
      ]
    },
    {
      "module": "module.appsvc",
      "mode": "managed",
      "type": "azurerm_resource_group",
      "name": "example",
      "provider": "provider[\"registry.terraform.io/hashicorp/azurerm\"]",
      "instances": [
        {
          "schema_version": 0,
          "attributes": {
            "id": "/subscriptions/2c54b4c3-e1db-41a1-81a7-63db50730625/resourceGroups/kholer-rg",
            "location": "australiaeast",
            "name": "kholer-rg",
            "tags": {},
            "timeouts": null
          },
          "sensitive_attributes": [],
          "private": "eyJlMmJmYjczMC1lY2FhLTExZTYtOGY4OC0zNDM2M2JjN2M0YzAiOnsiY3JlYXRlIjo1NDAwMDAwMDAwMDAwLCJkZWxldGUiOjU0MDAwMDAwMDAwMDAsInJlYWQiOjMwMDAwMDAwMDAwMCwidXBkYXRlIjo1NDAwMDAwMDAwMDAwfX0="
        }
      ]
    },
    {
      "module": "module.appsvc",
      "mode": "managed",
      "type": "azurerm_subnet",
      "name": "example",
      "provider": "provider[\"registry.terraform.io/hashicorp/azurerm\"]",
      "instances": [
        {
          "schema_version": 0,
          "attributes": {
            "address_prefixes": [
              "10.50.2.0/24"
            ],
            "delegation": [
              {
                "name": "kholer-app-delegation",
                "service_delegation": [
                  {
                    "actions": [
                      "Microsoft.Network/virtualNetworks/subnets/action"
                    ],
                    "name": "Microsoft.Web/serverFarms"
                  }
                ]
              }
            ],
            "enforce_private_link_endpoint_network_policies": false,
            "enforce_private_link_service_network_policies": false,
            "id": "/subscriptions/2c54b4c3-e1db-41a1-81a7-63db50730625/resourceGroups/kholer-rg/providers/Microsoft.Network/virtualNetworks/kholer-rg-vnet/subnets/kholer-rg-svc-subnet",
            "name": "kholer-rg-svc-subnet",
            "resource_group_name": "kholer-rg",
            "service_endpoint_policy_ids": [],
            "service_endpoints": [],
            "timeouts": null,
            "virtual_network_name": "kholer-rg-vnet"
          },
          "sensitive_attributes": [],
          "private": "eyJlMmJmYjczMC1lY2FhLTExZTYtOGY4OC0zNDM2M2JjN2M0YzAiOnsiY3JlYXRlIjoxODAwMDAwMDAwMDAwLCJkZWxldGUiOjE4MDAwMDAwMDAwMDAsInJlYWQiOjMwMDAwMDAwMDAwMCwidXBkYXRlIjoxODAwMDAwMDAwMDAwfX0=",
          "dependencies": [
            "module.appsvc.azurerm_resource_group.example",
            "module.appsvc.azurerm_virtual_network.example"
          ]
        }
      ]
    },
    {
      "module": "module.appsvc",
      "mode": "managed",
      "type": "azurerm_virtual_network",
      "name": "example",
      "provider": "provider[\"registry.terraform.io/hashicorp/azurerm\"]",
      "instances": [
        {
          "schema_version": 0,
          "attributes": {
            "address_space": [
              "10.50.0.0/16"
            ],
            "bgp_community": "",
            "ddos_protection_plan": [],
            "dns_servers": [],
            "edge_zone": "",
            "flow_timeout_in_minutes": 0,
            "guid": "aedf17e3-5aa0-4591-a3b1-3c74f6d96128",
            "id": "/subscriptions/2c54b4c3-e1db-41a1-81a7-63db50730625/resourceGroups/kholer-rg/providers/Microsoft.Network/virtualNetworks/kholer-rg-vnet",
            "location": "australiaeast",
            "name": "kholer-rg-vnet",
            "resource_group_name": "kholer-rg",
            "subnet": [
              {
                "address_prefix": "10.50.2.0/24",
                "id": "/subscriptions/2c54b4c3-e1db-41a1-81a7-63db50730625/resourceGroups/kholer-rg/providers/Microsoft.Network/virtualNetworks/kholer-rg-vnet/subnets/kholer-rg-svc-subnet",
                "name": "kholer-rg-svc-subnet",
                "security_group": ""
              }
            ],
            "tags": {},
            "timeouts": null
          },
          "sensitive_attributes": [],
          "private": "eyJlMmJmYjczMC1lY2FhLTExZTYtOGY4OC0zNDM2M2JjN2M0YzAiOnsiY3JlYXRlIjoxODAwMDAwMDAwMDAwLCJkZWxldGUiOjE4MDAwMDAwMDAwMDAsInJlYWQiOjMwMDAwMDAwMDAwMCwidXBkYXRlIjoxODAwMDAwMDAwMDAwfX0=",
          "dependencies": [
            "module.appsvc.azurerm_resource_group.example"
          ]
        }
      ]
    }
  ]
}
